
Microsoft Visual Studio Solution File, Format Version 12.00
# Visual Studio Version 16
VisualStudioVersion = 16.0.34114.132
MinimumVisualStudioVersion = 10.0.40219.1
Project("{FAE04EC0-301F-11D3-BF4B-00C04F79EFBC}") = "ICP.Host.ApiTest", "ICP.Host.ApiTest.csproj", "{EE19066B-E3DD-4ABE-B14A-D97B96951AEC}"
EndProject
Project("{FAE04EC0-301F-11D3-BF4B-00C04F79EFBC}") = "signalRpush", "..\..\..\..\Users\p10381190\source\repos\signalRpush\signalRpush\signalRpush.csproj", "{D99F3475-8EB0-4206-9224-ECB1A00C1D69}"
EndProject
Global
	GlobalSection(SolutionConfigurationPlatforms) = preSolution
		Beta|Any CPU = Beta|Any CPU
		Debug|Any CPU = Debug|Any CPU
		Release|Any CPU = Release|Any CPU
	EndGlobalSection
	GlobalSection(ProjectConfigurationPlatforms) = postSolution
		{EE19066B-E3DD-4ABE-B14A-D97B96951AEC}.Beta|Any CPU.ActiveCfg = Beta|Any CPU
		{EE19066B-E3DD-4ABE-B14A-D97B96951AEC}.Beta|Any CPU.Build.0 = Beta|Any CPU
		{EE19066B-E3DD-4ABE-B14A-D97B96951AEC}.Debug|Any CPU.ActiveCfg = Debug|Any CPU
		{EE19066B-E3DD-4ABE-B14A-D97B96951AEC}.Debug|Any CPU.Build.0 = Debug|Any CPU
		{EE19066B-E3DD-4ABE-B14A-D97B96951AEC}.Release|Any CPU.ActiveCfg = Release|Any CPU
		{EE19066B-E3DD-4ABE-B14A-D97B96951AEC}.Release|Any CPU.Build.0 = Release|Any CPU
		{D99F3475-8EB0-4206-9224-ECB1A00C1D69}.Beta|Any CPU.ActiveCfg = Debug|Any CPU
		{D99F3475-8EB0-4206-9224-ECB1A00C1D69}.Beta|Any CPU.Build.0 = Debug|Any CPU
		{D99F3475-8EB0-4206-9224-ECB1A00C1D69}.Debug|Any CPU.ActiveCfg = Debug|Any CPU
		{D99F3475-8EB0-4206-9224-ECB1A00C1D69}.Debug|Any CPU.Build.0 = Debug|Any CPU
		{D99F3475-8EB0-4206-9224-ECB1A00C1D69}.Release|Any CPU.ActiveCfg = Release|Any CPU
		{D99F3475-8EB0-4206-9224-ECB1A00C1D69}.Release|Any CPU.Build.0 = Release|Any CPU
	EndGlobalSection
	GlobalSection(SolutionProperties) = preSolution
		HideSolutionNode = FALSE
	EndGlobalSection
	GlobalSection(ExtensibilityGlobals) = postSolution
		SolutionGuid = {4991F885-867F-41A1-A748-E49B9CE489FA}
	EndGlobalSection
EndGlobal
